# This file was autogenerated by Stack.
# You should not edit this file by hand.
# For more information, please see the documentation at:
#   https://docs.haskellstack.org/en/stable/lock_files

packages:
- completed:
    hackage: s-cargot-0.1.4.0@sha256:61ea1833fbb4c80d93577144870e449d2007d311c34d74252850bb48aa8c31fb,3525
    pantry-tree:
      size: 1467
      sha256: 280c1899ea1a905f01785e175ff029748e9913388d25e02a8e4cdceb9a92b722
  original:
    hackage: s-cargot-0.1.4.0@sha256:61ea1833fbb4c80d93577144870e449d2007d311c34d74252850bb48aa8c31fb,3525
snapshots:
- completed:
    size: 531701
    url: https://raw.githubusercontent.com/commercialhaskell/stackage-snapshots/master/lts/16/4.yaml
    sha256: d6119cdacc6d6b39c0bb8f6e11e8db6a21e92a38552e0d553414ba346592b53f
  original: lts-16.4
